
Microsoft Visual Studio Solution File, Format Version 12.00
# Visual Studio Version 17
VisualStudioVersion = 17.10.34916.146
MinimumVisualStudioVersion = 10.0.40219.1
Project("{FAE04EC0-301F-11D3-BF4B-00C04F79EFBC}") = "btnnetcau2", "btnnetcau2\btnnetcau2.csproj", "{9AE98D98-0B6C-4754-8212-6503BFCF626F}"
EndProject
Global
	GlobalSection(SolutionConfigurationPlatforms) = preSolution
		Debug|Any CPU = Debug|Any CPU
		Release|Any CPU = Release|Any CPU
	EndGlobalSection
	GlobalSection(ProjectConfigurationPlatforms) = postSolution
		{9AE98D98-0B6C-4754-8212-6503BFCF626F}.Debug|Any CPU.ActiveCfg = Debug|Any CPU
		{9AE98D98-0B6C-4754-8212-6503BFCF626F}.Debug|Any CPU.Build.0 = Debug|Any CPU
		{9AE98D98-0B6C-4754-8212-6503BFCF626F}.Release|Any CPU.ActiveCfg = Release|Any CPU
		{9AE98D98-0B6C-4754-8212-6503BFCF626F}.Release|Any CPU.Build.0 = Release|Any CPU
	EndGlobalSection
	GlobalSection(SolutionProperties) = preSolution
		HideSolutionNode = FALSE
	EndGlobalSection
	GlobalSection(ExtensibilityGlobals) = postSolution
		SolutionGuid = {ACFF8805-EEF2-4ADA-9DA5-6F3F4A30DCA1}
	EndGlobalSection
EndGlobal
